
Microsoft Visual Studio Solution File, Format Version 12.00
# Visual Studio Version 17
VisualStudioVersion = 17.5.002.0
MinimumVisualStudioVersion = 10.0.40219.1
Project("{9A19103F-16F7-4668-BE54-9A1E7A4F7556}") = "StandaloneBff", "StandaloneBff.csproj", "{6616ECCF-BB74-4BDE-A6CA-2533D0C6D46B}"
EndProject
Global
	GlobalSection(SolutionConfigurationPlatforms) = preSolution
		Debug|Any CPU = Debug|Any CPU
		Release|Any CPU = Release|Any CPU
	EndGlobalSection
	GlobalSection(ProjectConfigurationPlatforms) = postSolution
		{6616ECCF-BB74-4BDE-A6CA-2533D0C6D46B}.Debug|Any CPU.ActiveCfg = Debug|Any CPU
		{6616ECCF-BB74-4BDE-A6CA-2533D0C6D46B}.Debug|Any CPU.Build.0 = Debug|Any CPU
		{6616ECCF-BB74-4BDE-A6CA-2533D0C6D46B}.Release|Any CPU.ActiveCfg = Release|Any CPU
		{6616ECCF-BB74-4BDE-A6CA-2533D0C6D46B}.Release|Any CPU.Build.0 = Release|Any CPU
	EndGlobalSection
	GlobalSection(SolutionProperties) = preSolution
		HideSolutionNode = FALSE
	EndGlobalSection
	GlobalSection(ExtensibilityGlobals) = postSolution
		SolutionGuid = {3C223B47-CBFB-4A28-8416-3E2F495A80FB}
	EndGlobalSection
EndGlobal
